
Microsoft Visual Studio Solution File, Format Version 12.00
# Visual Studio Version 17
VisualStudioVersion = 17.5.33627.172
MinimumVisualStudioVersion = 10.0.40219.1
Project("{FAE04EC0-301F-11D3-BF4B-00C04F79EFBC}") = "BooksClient", "BooksClient\BooksClient.csproj", "{0625E3C0-869A-4B03-85FB-193FAA8840F5}"
EndProject
Global
	GlobalSection(SolutionConfigurationPlatforms) = preSolution
		Debug|Any CPU = Debug|Any CPU
		Release|Any CPU = Release|Any CPU
	EndGlobalSection
	GlobalSection(ProjectConfigurationPlatforms) = postSolution
		{0625E3C0-869A-4B03-85FB-193FAA8840F5}.Debug|Any CPU.ActiveCfg = Debug|Any CPU
		{0625E3C0-869A-4B03-85FB-193FAA8840F5}.Debug|Any CPU.Build.0 = Debug|Any CPU
		{0625E3C0-869A-4B03-85FB-193FAA8840F5}.Release|Any CPU.ActiveCfg = Release|Any CPU
		{0625E3C0-869A-4B03-85FB-193FAA8840F5}.Release|Any CPU.Build.0 = Release|Any CPU
	EndGlobalSection
	GlobalSection(SolutionProperties) = preSolution
		HideSolutionNode = FALSE
	EndGlobalSection
	GlobalSection(ExtensibilityGlobals) = postSolution
		SolutionGuid = {4EAE5911-440D-4792-9BF3-D2892825B1A2}
	EndGlobalSection
EndGlobal
